// !$*UTF8*$!
{
	archiveVersion = 1;
	classes = {
	};
	objectVersion = 46;
	objects = {

/* Begin PBXBuildFile section */
		9A31BB3B1ED5C5D3004FE79C /* DurationReport.swift in Sources */ = {isa = PBXBuildFile; fileRef = 9A31BB3A1ED5C5D3004FE79C /* DurationReport.swift */; };
		9A31BB3D1ED5C645004FE79C /* DurationReporter.swift in Sources */ = {isa = PBXBuildFile; fileRef = 9A31BB3C1ED5C645004FE79C /* DurationReporter.swift */; };
		9AEE32291ED5AF7C008ACCAA /* DurationReporter.framework in Frameworks */ = {isa = PBXBuildFile; fileRef = 9AEE321F1ED5AF7C008ACCAA /* DurationReporter.framework */; };
		9AEE322E1ED5AF7C008ACCAA /* DurationReporterTests.swift in Sources */ = {isa = PBXBuildFile; fileRef = 9AEE322D1ED5AF7C008ACCAA /* DurationReporterTests.swift */; };
		9AEE32301ED5AF7C008ACCAA /* DurationReporter.h in Headers */ = {isa = PBXBuildFile; fileRef = 9AEE32221ED5AF7C008ACCAA /* DurationReporter.h */; settings = {ATTRIBUTES = (Public, ); }; };
/* End PBXBuildFile section */

/* Begin PBXContainerItemProxy section */
		9AEE322A1ED5AF7C008ACCAA /* PBXContainerItemProxy */ = {
			isa = PBXContainerItemProxy;
			containerPortal = 9AEE32161ED5AF7C008ACCAA /* Project object */;
			proxyType = 1;
			remoteGlobalIDString = 9AEE321E1ED5AF7C008ACCAA;
			remoteInfo = DurationReporter;
		};
/* End PBXContainerItemProxy section */

/* Begin PBXFileReference section */
		9A31BB3A1ED5C5D3004FE79C /* DurationReport.swift */ = {isa = PBXFileReference; fileEncoding = 4; lastKnownFileType = sourcecode.swift; path = DurationReport.swift; sourceTree = "<group>"; };
		9A31BB3C1ED5C645004FE79C /* DurationReporter.swift */ = {isa = PBXFileReference; fileEncoding = 4; lastKnownFileType = sourcecode.swift; path = DurationReporter.swift; sourceTree = "<group>"; };
		9AEE321F1ED5AF7C008ACCAA /* DurationReporter.framework */ = {isa = PBXFileReference; explicitFileType = wrapper.framework; includeInIndex = 0; path = DurationReporter.framework; sourceTree = BUILT_PRODUCTS_DIR; };
		9AEE32221ED5AF7C008ACCAA /* DurationReporter.h */ = {isa = PBXFileReference; lastKnownFileType = sourcecode.c.h; path = DurationReporter.h; sourceTree = "<group>"; };
		9AEE32231ED5AF7C008ACCAA /* Info.plist */ = {isa = PBXFileReference; lastKnownFileType = text.plist.xml; path = Info.plist; sourceTree = "<group>"; };
		9AEE32281ED5AF7C008ACCAA /* DurationReporterTests.xctest */ = {isa = PBXFileReference; explicitFileType = wrapper.cfbundle; includeInIndex = 0; path = DurationReporterTests.xctest; sourceTree = BUILT_PRODUCTS_DIR; };
		9AEE322D1ED5AF7C008ACCAA /* DurationReporterTests.swift */ = {isa = PBXFileReference; lastKnownFileType = sourcecode.swift; path = DurationReporterTests.swift; sourceTree = "<group>"; };
		9AEE322F1ED5AF7C008ACCAA /* Info.plist */ = {isa = PBXFileReference; lastKnownFileType = text.plist.xml; path = Info.plist; sourceTree = "<group>"; };
		9AEE32391ED5AF8D008ACCAA /* Playground.playground */ = {isa = PBXFileReference; lastKnownFileType = file.playground; path = Playground.playground; sourceTree = "<group>"; };
/* End PBXFileReference section */

/* Begin PBXFrameworksBuildPhase section */
		9AEE321B1ED5AF7C008ACCAA /* Frameworks */ = {
			isa = PBXFrameworksBuildPhase;
			buildActionMask = 2147483647;
			files = (
			);
			runOnlyForDeploymentPostprocessing = 0;
		};
		9AEE32251ED5AF7C008ACCAA /* Frameworks */ = {
			isa = PBXFrameworksBuildPhase;
			buildActionMask = 2147483647;
			files = (
				9AEE32291ED5AF7C008ACCAA /* DurationReporter.framework in Frameworks */,
			);
			runOnlyForDeploymentPostprocessing = 0;
		};
/* End PBXFrameworksBuildPhase section */

/* Begin PBXGroup section */
		9AEE32151ED5AF7C008ACCAA = {
			isa = PBXGroup;
			children = (
				9AEE32391ED5AF8D008ACCAA /* Playground.playground */,
				9AEE32211ED5AF7C008ACCAA /* DurationReporter */,
				9AEE322C1ED5AF7C008ACCAA /* DurationReporterTests */,
				9AEE32201ED5AF7C008ACCAA /* Products */,
			);
			sourceTree = "<group>";
		};
		9AEE32201ED5AF7C008ACCAA /* Products */ = {
			isa = PBXGroup;
			children = (
				9AEE321F1ED5AF7C008ACCAA /* DurationReporter.framework */,
				9AEE32281ED5AF7C008ACCAA /* DurationReporterTests.xctest */,
			);
			name = Products;
			sourceTree = "<group>";
		};
		9AEE32211ED5AF7C008ACCAA /* DurationReporter */ = {
			isa = PBXGroup;
			children = (
				9AEE32221ED5AF7C008ACCAA /* DurationReporter.h */,
				9AEE32231ED5AF7C008ACCAA /* Info.plist */,
				9A31BB3A1ED5C5D3004FE79C /* DurationReport.swift */,
				9A31BB3C1ED5C645004FE79C /* DurationReporter.swift */,
			);
			path = DurationReporter;
			sourceTree = "<group>";
		};
		9AEE322C1ED5AF7C008ACCAA /* DurationReporterTests */ = {
			isa = PBXGroup;
			children = (
				9AEE322D1ED5AF7C008ACCAA /* DurationReporterTests.swift */,
				9AEE322F1ED5AF7C008ACCAA /* Info.plist */,
			);
			path = DurationReporterTests;
			sourceTree = "<group>";
		};
/* End PBXGroup section */

/* Begin PBXHeadersBuildPhase section */
		9AEE321C1ED5AF7C008ACCAA /* Headers */ = {
			isa = PBXHeadersBuildPhase;
			buildActionMask = 2147483647;
			files = (
				9AEE32301ED5AF7C008ACCAA /* DurationReporter.h in Headers */,
			);
			runOnlyForDeploymentPostprocessing = 0;
		};
/* End PBXHeadersBuildPhase section */

/* Begin PBXNativeTarget section */
		9AEE321E1ED5AF7C008ACCAA /* DurationReporter */ = {
			isa = PBXNativeTarget;
			buildConfigurationList = 9AEE32331ED5AF7C008ACCAA /* Build configuration list for PBXNativeTarget "DurationReporter" */;
			buildPhases = (
				9AEE321A1ED5AF7C008ACCAA /* Sources */,
				9AEE321B1ED5AF7C008ACCAA /* Frameworks */,
				9AEE321C1ED5AF7C008ACCAA /* Headers */,
				9AEE321D1ED5AF7C008ACCAA /* Resources */,
			);
			buildRules = (
			);
			dependencies = (
			);
			name = DurationReporter;
			productName = DurationReporter;
			productReference = 9AEE321F1ED5AF7C008ACCAA /* DurationReporter.framework */;
			productType = "com.apple.product-type.framework";
		};
		9AEE32271ED5AF7C008ACCAA /* DurationReporterTests */ = {
			isa = PBXNativeTarget;
			buildConfigurationList = 9AEE32361ED5AF7C008ACCAA /* Build configuration list for PBXNativeTarget "DurationReporterTests" */;
			buildPhases = (
				9AEE32241ED5AF7C008ACCAA /* Sources */,
				9AEE32251ED5AF7C008ACCAA /* Frameworks */,
				9AEE32261ED5AF7C008ACCAA /* Resources */,
			);
			buildRules = (
			);
			dependencies = (
				9AEE322B1ED5AF7C008ACCAA /* PBXTargetDependency */,
			);
			name = DurationReporterTests;
			productName = DurationReporterTests;
			productReference = 9AEE32281ED5AF7C008ACCAA /* DurationReporterTests.xctest */;
			productType = "com.apple.product-type.bundle.unit-test";
		};
/* End PBXNativeTarget section */

/* Begin PBXProject section */
		9AEE32161ED5AF7C008ACCAA /* Project object */ = {
			isa = PBXProject;
			attributes = {
				LastSwiftUpdateCheck = 0830;
				LastUpgradeCheck = 0830;
				ORGANIZATIONNAME = ktustanowski;
				TargetAttributes = {
					9AEE321E1ED5AF7C008ACCAA = {
						CreatedOnToolsVersion = 8.3.2;
						LastSwiftMigration = 0830;
						ProvisioningStyle = Automatic;
					};
					9AEE32271ED5AF7C008ACCAA = {
						CreatedOnToolsVersion = 8.3.2;
						ProvisioningStyle = Automatic;
					};
				};
			};
			buildConfigurationList = 9AEE32191ED5AF7C008ACCAA /* Build configuration list for PBXProject "DurationReporter" */;
			compatibilityVersion = "Xcode 3.2";
			developmentRegion = English;
			hasScannedForEncodings = 0;
			knownRegions = (
				en,
			);
			mainGroup = 9AEE32151ED5AF7C008ACCAA;
			productRefGroup = 9AEE32201ED5AF7C008ACCAA /* Products */;
			projectDirPath = "";
			projectRoot = "";
			targets = (
				9AEE321E1ED5AF7C008ACCAA /* DurationReporter */,
				9AEE32271ED5AF7C008ACCAA /* DurationReporterTests */,
			);
		};
/* End PBXProject section */

/* Begin PBXResourcesBuildPhase section */
		9AEE321D1ED5AF7C008ACCAA /* Resources */ = {
			isa = PBXResourcesBuildPhase;
			buildActionMask = 2147483647;
			files = (
			);
			runOnlyForDeploymentPostprocessing = 0;
		};
		9AEE32261ED5AF7C008ACCAA /* Resources */ = {
			isa = PBXResourcesBuildPhase;
			buildActionMask = 2147483647;
			files = (
			);
			runOnlyForDeploymentPostprocessing = 0;
		};
/* End PBXResourcesBuildPhase section */

/* Begin PBXSourcesBuildPhase section */
		9AEE321A1ED5AF7C008ACCAA /* Sources */ = {
			isa = PBXSourcesBuildPhase;
			buildActionMask = 2147483647;
			files = (
				9A31BB3D1ED5C645004FE79C /* DurationReporter.swift in Sources */,
				9A31BB3B1ED5C5D3004FE79C /* DurationReport.swift in Sources */,
			);
			runOnlyForDeploymentPostprocessing = 0;
		};
		9AEE32241ED5AF7C008ACCAA /* Sources */ = {
			isa = PBXSourcesBuildPhase;
			buildActionMask = 2147483647;
			files = (
				9AEE322E1ED5AF7C008ACCAA /* DurationReporterTests.swift in Sources */,
			);
			runOnlyForDeploymentPostprocessing = 0;
		};
/* End PBXSourcesBuildPhase section */

/* Begin PBXTargetDependency section */
		9AEE322B1ED5AF7C008ACCAA /* PBXTargetDependency */ = {
			isa = PBXTargetDependency;
			target = 9AEE321E1ED5AF7C008ACCAA /* DurationReporter */;
			targetProxy = 9AEE322A1ED5AF7C008ACCAA /* PBXContainerItemProxy */;
		};
/* End PBXTargetDependency section */

/* Begin XCBuildConfiguration section */
		9AEE32311ED5AF7C008ACCAA /* Debug */ = {
			isa = XCBuildConfiguration;
			buildSettings = {
				ALWAYS_SEARCH_USER_PATHS = NO;
				CLANG_ANALYZER_NONNULL = YES;
				CLANG_ANALYZER_NUMBER_OBJECT_CONVERSION = YES_AGGRESSIVE;
				CLANG_CXX_LANGUAGE_STANDARD = "gnu++0x";
				CLANG_CXX_LIBRARY = "libc++";
				CLANG_ENABLE_MODULES = YES;
				CLANG_ENABLE_OBJC_ARC = YES;
				CLANG_WARN_BOOL_CONVERSION = YES;
				CLANG_WARN_CONSTANT_CONVERSION = YES;
				CLANG_WARN_DIRECT_OBJC_ISA_USAGE = YES_ERROR;
				CLANG_WARN_DOCUMENTATION_COMMENTS = YES;
				CLANG_WARN_EMPTY_BODY = YES;
				CLANG_WARN_ENUM_CONVERSION = YES;
				CLANG_WARN_INFINITE_RECURSION = YES;
				CLANG_WARN_INT_CONVERSION = YES;
				CLANG_WARN_OBJC_ROOT_CLASS = YES_ERROR;
				CLANG_WARN_SUSPICIOUS_MOVE = YES;
				CLANG_WARN_UNREACHABLE_CODE = YES;
				CLANG_WARN__DUPLICATE_METHOD_MATCH = YES;
				"CODE_SIGN_IDENTITY[sdk=iphoneos*]" = "iPhone Developer";
				COPY_PHASE_STRIP = NO;
				CURRENT_PROJECT_VERSION = 1;
				DEBUG_INFORMATION_FORMAT = dwarf;
				ENABLE_STRICT_OBJC_MSGSEND = YES;
				ENABLE_TESTABILITY = YES;
				GCC_C_LANGUAGE_STANDARD = gnu99;
				GCC_DYNAMIC_NO_PIC = NO;
				GCC_NO_COMMON_BLOCKS = YES;
				GCC_OPTIMIZATION_LEVEL = 0;
				GCC_PREPROCESSOR_DEFINITIONS = (
					"DEBUG=1",
					"$(inherited)",
				);
				GCC_WARN_64_TO_32_BIT_CONVERSION = YES;
				GCC_WARN_ABOUT_RETURN_TYPE = YES_ERROR;
				GCC_WARN_UNDECLARED_SELECTOR = YES;
				GCC_WARN_UNINITIALIZED_AUTOS = YES_AGGRESSIVE;
				GCC_WARN_UNUSED_FUNCTION = YES;
				GCC_WARN_UNUSED_VARIABLE = YES;
				IPHONEOS_DEPLOYMENT_TARGET = 10.3;
				MTL_ENABLE_DEBUG_INFO = YES;
				ONLY_ACTIVE_ARCH = YES;
				SDKROOT = iphoneos;
				SWIFT_ACTIVE_COMPILATION_CONDITIONS = DEBUG;
				SWIFT_OPTIMIZATION_LEVEL = "-Onone";
				TARGETED_DEVICE_FAMILY = "1,2";
				VERSIONING_SYSTEM = "apple-generic";
				VERSION_INFO_PREFIX = "";
			};
			name = Debug;
		};
		9AEE32321ED5AF7C008ACCAA /* Release */ = {
			isa = XCBuildConfiguration;
			buildSettings = {
				ALWAYS_SEARCH_USER_PATHS = NO;
				CLANG_ANALYZER_NONNULL = YES;
				CLANG_ANALYZER_NUMBER_OBJECT_CONVERSION = YES_AGGRESSIVE;
				CLANG_CXX_LANGUAGE_STANDARD = "gnu++0x";
				CLANG_CXX_LIBRARY = "libc++";
				CLANG_ENABLE_MODULES = YES;
				CLANG_ENABLE_OBJC_ARC = YES;
				CLANG_WARN_BOOL_CONVERSION = YES;
				CLANG_WARN_CONSTANT_CONVERSION = YES;
				CLANG_WARN_DIRECT_OBJC_ISA_USAGE = YES_ERROR;
				CLANG_WARN_DOCUMENTATION_COMMENTS = YES;
				CLANG_WARN_EMPTY_BODY = YES;
				CLANG_WARN_ENUM_CONVERSION = YES;
				CLANG_WARN_INFINITE_RECURSION = YES;
				CLANG_WARN_INT_CONVERSION = YES;
				CLANG_WARN_OBJC_ROOT_CLASS = YES_ERROR;
				CLANG_WARN_SUSPICIOUS_MOVE = YES;
				CLANG_WARN_UNREACHABLE_CODE = YES;
				CLANG_WARN__DUPLICATE_METHOD_MATCH = YES;
				"CODE_SIGN_IDENTITY[sdk=iphoneos*]" = "iPhone Developer";
				COPY_PHASE_STRIP = NO;
				CURRENT_PROJECT_VERSION = 1;
				DEBUG_INFORMATION_FORMAT = "dwarf-with-dsym";
				ENABLE_NS_ASSERTIONS = NO;
				ENABLE_STRICT_OBJC_MSGSEND = YES;
				GCC_C_LANGUAGE_STANDARD = gnu99;
				GCC_NO_COMMON_BLOCKS = YES;
				GCC_WARN_64_TO_32_BIT_CONVERSION = YES;
				GCC_WARN_ABOUT_RETURN_TYPE = YES_ERROR;
				GCC_WARN_UNDECLARED_SELECTOR = YES;
				GCC_WARN_UNINITIALIZED_AUTOS = YES_AGGRESSIVE;
				GCC_WARN_UNUSED_FUNCTION = YES;
				GCC_WARN_UNUSED_VARIABLE = YES;
				IPHONEOS_DEPLOYMENT_TARGET = 10.3;
				MTL_ENABLE_DEBUG_INFO = NO;
				SDKROOT = iphoneos;
				SWIFT_OPTIMIZATION_LEVEL = "-Owholemodule";
				TARGETED_DEVICE_FAMILY = "1,2";
				VALIDATE_PRODUCT = YES;
				VERSIONING_SYSTEM = "apple-generic";
				VERSION_INFO_PREFIX = "";
			};
			name = Release;
		};
		9AEE32341ED5AF7C008ACCAA /* Debug */ = {
			isa = XCBuildConfiguration;
			buildSettings = {
				CLANG_ENABLE_MODULES = YES;
				CODE_SIGN_IDENTITY = "";
				DEFINES_MODULE = YES;
				DYLIB_COMPATIBILITY_VERSION = 1;
				DYLIB_CURRENT_VERSION = 1;
				DYLIB_INSTALL_NAME_BASE = "@rpath";
				INFOPLIST_FILE = DurationReporter/Info.plist;
				INSTALL_PATH = "$(LOCAL_LIBRARY_DIR)/Frameworks";
				LD_RUNPATH_SEARCH_PATHS = "$(inherited) @executable_path/Frameworks @loader_path/Frameworks";
				PRODUCT_BUNDLE_IDENTIFIER = ktustanowski.com.DurationReporter;
				PRODUCT_NAME = "$(TARGET_NAME)";
				SKIP_INSTALL = YES;
				SWIFT_OPTIMIZATION_LEVEL = "-Onone";
				SWIFT_VERSION = 3.0;
			};
			name = Debug;
		};
		9AEE32351ED5AF7C008ACCAA /* Release */ = {
			isa = XCBuildConfiguration;
			buildSettings = {
				CLANG_ENABLE_MODULES = YES;
				CODE_SIGN_IDENTITY = "";
				DEFINES_MODULE = YES;
				DYLIB_COMPATIBILITY_VERSION = 1;
				DYLIB_CURRENT_VERSION = 1;
				DYLIB_INSTALL_NAME_BASE = "@rpath";
				INFOPLIST_FILE = DurationReporter/Info.plist;
				INSTALL_PATH = "$(LOCAL_LIBRARY_DIR)/Frameworks";
				LD_RUNPATH_SEARCH_PATHS = "$(inherited) @executable_path/Frameworks @loader_path/Frameworks";
				PRODUCT_BUNDLE_IDENTIFIER = ktustanowski.com.DurationReporter;
				PRODUCT_NAME = "$(TARGET_NAME)";
				SKIP_INSTALL = YES;
				SWIFT_VERSION = 3.0;
			};
			name = Release;
		};
		9AEE32371ED5AF7C008ACCAA /* Debug */ = {
			isa = XCBuildConfiguration;
			buildSettings = {
				ALWAYS_EMBED_SWIFT_STANDARD_LIBRARIES = YES;
				INFOPLIST_FILE = DurationReporterTests/Info.plist;
				LD_RUNPATH_SEARCH_PATHS = "$(inherited) @executable_path/Frameworks @loader_path/Frameworks";
				PRODUCT_BUNDLE_IDENTIFIER = ktustanowski.com.DurationReporterTests;
				PRODUCT_NAME = "$(TARGET_NAME)";
				SWIFT_VERSION = 3.0;
			};
			name = Debug;
		};
		9AEE32381ED5AF7C008ACCAA /* Release */ = {
			isa = XCBuildConfiguration;
			buildSettings = {
				ALWAYS_EMBED_SWIFT_STANDARD_LIBRARIES = YES;
				INFOPLIST_FILE = DurationReporterTests/Info.plist;
				LD_RUNPATH_SEARCH_PATHS = "$(inherited) @executable_path/Frameworks @loader_path/Frameworks";
				PRODUCT_BUNDLE_IDENTIFIER = ktustanowski.com.DurationReporterTests;
				PRODUCT_NAME = "$(TARGET_NAME)";
				SWIFT_VERSION = 3.0;
			};
			name = Release;
		};
/* End XCBuildConfiguration section */

/* Begin XCConfigurationList section */
		9AEE32191ED5AF7C008ACCAA /* Build configuration list for PBXProject "DurationReporter" */ = {
			isa = XCConfigurationList;
			buildConfigurations = (
				9AEE32311ED5AF7C008ACCAA /* Debug */,
				9AEE32321ED5AF7C008ACCAA /* Release */,
			);
			defaultConfigurationIsVisible = 0;
			defaultConfigurationName = Release;
		};
		9AEE32331ED5AF7C008ACCAA /* Build configuration list for PBXNativeTarget "DurationReporter" */ = {
			isa = XCConfigurationList;
			buildConfigurations = (
				9AEE32341ED5AF7C008ACCAA /* Debug */,
				9AEE32351ED5AF7C008ACCAA /* Release */,
			);
			defaultConfigurationIsVisible = 0;
			defaultConfigurationName = Release;
		};
		9AEE32361ED5AF7C008ACCAA /* Build configuration list for PBXNativeTarget "DurationReporterTests" */ = {
			isa = XCConfigurationList;
			buildConfigurations = (
				9AEE32371ED5AF7C008ACCAA /* Debug */,
				9AEE32381ED5AF7C008ACCAA /* Release */,
			);
			defaultConfigurationIsVisible = 0;
			defaultConfigurationName = Release;
		};
/* End XCConfigurationList section */
	};
	rootObject = 9AEE32161ED5AF7C008ACCAA /* Project object */;
}
